# Generated by buf. DO NOT EDIT.
version: v1
deps:
  - remote: buf.build
    owner: atls
    repository: queries
    commit: e6df4b6a376f46d1884571b8ee13ac46
    digest: shake256:5b710f8761acc0700e7f56b89ccb68ca8f39541568e728e4dd5b5d5ea72fb7ff719ea3284fe5f69a440bb6bd0620d5cf3ea4fa52f62c360352513a7b8e5be5e1
